
Microsoft Visual Studio Solution File, Format Version 12.00
# Visual Studio 15
VisualStudioVersion = 15.0.28307.1145
MinimumVisualStudioVersion = 10.0.40219.1
Project("{FAE04EC0-301F-11D3-BF4B-00C04F79EFBC}") = "ThreadLessonsWinForms", "ThreadLessonsWinForms\ThreadLessonsWinForms.csproj", "{B043D528-FFFF-43D3-A12D-6CD6EC06957F}"
EndProject
Project("{FAE04EC0-301F-11D3-BF4B-00C04F79EFBC}") = "LessonsDownload", "LessonsDownload\LessonsDownload.csproj", "{76DFCC27-E4D1-4C78-88EC-4195DF095EBD}"
EndProject
Global
	GlobalSection(SolutionConfigurationPlatforms) = preSolution
		Debug|Any CPU = Debug|Any CPU
		Release|Any CPU = Release|Any CPU
	EndGlobalSection
	GlobalSection(ProjectConfigurationPlatforms) = postSolution
		{B043D528-FFFF-43D3-A12D-6CD6EC06957F}.Debug|Any CPU.ActiveCfg = Debug|Any CPU
		{B043D528-FFFF-43D3-A12D-6CD6EC06957F}.Debug|Any CPU.Build.0 = Debug|Any CPU
		{B043D528-FFFF-43D3-A12D-6CD6EC06957F}.Release|Any CPU.ActiveCfg = Release|Any CPU
		{B043D528-FFFF-43D3-A12D-6CD6EC06957F}.Release|Any CPU.Build.0 = Release|Any CPU
		{76DFCC27-E4D1-4C78-88EC-4195DF095EBD}.Debug|Any CPU.ActiveCfg = Debug|Any CPU
		{76DFCC27-E4D1-4C78-88EC-4195DF095EBD}.Debug|Any CPU.Build.0 = Debug|Any CPU
		{76DFCC27-E4D1-4C78-88EC-4195DF095EBD}.Release|Any CPU.ActiveCfg = Release|Any CPU
		{76DFCC27-E4D1-4C78-88EC-4195DF095EBD}.Release|Any CPU.Build.0 = Release|Any CPU
	EndGlobalSection
	GlobalSection(SolutionProperties) = preSolution
		HideSolutionNode = FALSE
	EndGlobalSection
	GlobalSection(ExtensibilityGlobals) = postSolution
		SolutionGuid = {5C625DAB-B968-480E-A56B-4A44FF123B7D}
	EndGlobalSection
EndGlobal
